// !$*UTF8*$!
{
	archiveVersion = 1;
	classes = {
	};
	objectVersion = 56;
	objects = {

/* Begin PBXBuildFile section */
		4B1D96602938EAC5004B6B00 /* Response.swift in Sources */ = {isa = PBXBuildFile; fileRef = 4B1D965C2938EAC5004B6B00 /* Response.swift */; };
		4B1D96612938EAC5004B6B00 /* Article.swift in Sources */ = {isa = PBXBuildFile; fileRef = 4B1D965D2938EAC5004B6B00 /* Article.swift */; };
		4B1D96622938EAC5004B6B00 /* MediaMetadatum.swift in Sources */ = {isa = PBXBuildFile; fileRef = 4B1D965E2938EAC5004B6B00 /* MediaMetadatum.swift */; };
		4B1D96632938EAC5004B6B00 /* Media.swift in Sources */ = {isa = PBXBuildFile; fileRef = 4B1D965F2938EAC5004B6B00 /* Media.swift */; };
		4B44BE3E29393CF600C19594 /* NetworkService.swift in Sources */ = {isa = PBXBuildFile; fileRef = 4B44BE3D29393CF600C19594 /* NetworkService.swift */; };
		4B44BE4129393D2100C19594 /* Networking.swift in Sources */ = {isa = PBXBuildFile; fileRef = 4B44BE4029393D2100C19594 /* Networking.swift */; };
		4B44BE47293940B700C19594 /* ArticleType.swift in Sources */ = {isa = PBXBuildFile; fileRef = 4B44BE46293940B700C19594 /* ArticleType.swift */; };
		4B44BE492939433900C19594 /* Articles-Info.plist in Resources */ = {isa = PBXBuildFile; fileRef = 4B44BE482939433900C19594 /* Articles-Info.plist */; };
		4B44BE4B2939454800C19594 /* Period.swift in Sources */ = {isa = PBXBuildFile; fileRef = 4B44BE4A2939454800C19594 /* Period.swift */; };
		4B44BE4E29394F5A00C19594 /* LaunchScreen.storyboard in Resources */ = {isa = PBXBuildFile; fileRef = 4B44BE4D29394F5A00C19594 /* LaunchScreen.storyboard */; };
		4B44BE532939526700C19594 /* MostViewedArticlesViewModel.swift in Sources */ = {isa = PBXBuildFile; fileRef = 4B44BE522939526700C19594 /* MostViewedArticlesViewModel.swift */; };
		4B44BE55293952A200C19594 /* ArticlesViewModelType.swift in Sources */ = {isa = PBXBuildFile; fileRef = 4B44BE54293952A200C19594 /* ArticlesViewModelType.swift */; };
		4B499B56293F4A61008C8B49 /* VRGArticles.xcdatamodeld in Sources */ = {isa = PBXBuildFile; fileRef = 4B499B54293F4A61008C8B49 /* VRGArticles.xcdatamodeld */; };
		4B64543D2938E9C800DA5B94 /* AppDelegate.swift in Sources */ = {isa = PBXBuildFile; fileRef = 4B64543C2938E9C800DA5B94 /* AppDelegate.swift */; };
		4B64543F2938E9C800DA5B94 /* SceneDelegate.swift in Sources */ = {isa = PBXBuildFile; fileRef = 4B64543E2938E9C800DA5B94 /* SceneDelegate.swift */; };
		4B6454412938E9C800DA5B94 /* ViewedArticlesViewController.swift in Sources */ = {isa = PBXBuildFile; fileRef = 4B6454402938E9C800DA5B94 /* ViewedArticlesViewController.swift */; };
		4B6454492938E9CA00DA5B94 /* Assets.xcassets in Resources */ = {isa = PBXBuildFile; fileRef = 4B6454482938E9CA00DA5B94 /* Assets.xcassets */; };
		4B704DE9293A01920006467F /* Box.swift in Sources */ = {isa = PBXBuildFile; fileRef = 4B704DE8293A01920006467F /* Box.swift */; };
		4B704DEB293A07DF0006467F /* FavouritesViewController.swift in Sources */ = {isa = PBXBuildFile; fileRef = 4B704DEA293A07DF0006467F /* FavouritesViewController.swift */; };
		4B704DED293A07E90006467F /* MainTabBarController.swift in Sources */ = {isa = PBXBuildFile; fileRef = 4B704DEC293A07E90006467F /* MainTabBarController.swift */; };
		4B704DEF293A112D0006467F /* UIColor + Extension.swift in Sources */ = {isa = PBXBuildFile; fileRef = 4B704DEE293A112D0006467F /* UIColor + Extension.swift */; };
		4B76FF40293F60F400BB758D /* ArticleItem+CoreDataClass.swift in Sources */ = {isa = PBXBuildFile; fileRef = 4B76FF3E293F60F400BB758D /* ArticleItem+CoreDataClass.swift */; };
		4B76FF41293F60F400BB758D /* ArticleItem+CoreDataProperties.swift in Sources */ = {isa = PBXBuildFile; fileRef = 4B76FF3F293F60F400BB758D /* ArticleItem+CoreDataProperties.swift */; };
		4B828A35293E0537009B8C5D /* InfoView.swift in Sources */ = {isa = PBXBuildFile; fileRef = 4B828A34293E0537009B8C5D /* InfoView.swift */; };
		4B828A37293E0E56009B8C5D /* ArticleDetailsViewModelType.swift in Sources */ = {isa = PBXBuildFile; fileRef = 4B828A36293E0E56009B8C5D /* ArticleDetailsViewModelType.swift */; };
		4B828A39293E0EA6009B8C5D /* ArticleDetailsViewModel.swift in Sources */ = {isa = PBXBuildFile; fileRef = 4B828A38293E0EA6009B8C5D /* ArticleDetailsViewModel.swift */; };
		4B828A3B293E1278009B8C5D /* UIImageView + Extension.swift in Sources */ = {isa = PBXBuildFile; fileRef = 4B828A3A293E1278009B8C5D /* UIImageView + Extension.swift */; };
		4B828A3D293E18D3009B8C5D /* CoreDataService.swift in Sources */ = {isa = PBXBuildFile; fileRef = 4B828A3C293E18D3009B8C5D /* CoreDataService.swift */; };
		4B828A4E293E25EA009B8C5D /* CoreDataError.swift in Sources */ = {isa = PBXBuildFile; fileRef = 4B828A4D293E25EA009B8C5D /* CoreDataError.swift */; };
		4B82BFC6293CF23900479D58 /* ArticleDetailsViewController.swift in Sources */ = {isa = PBXBuildFile; fileRef = 4B82BFC5293CF23900479D58 /* ArticleDetailsViewController.swift */; };
		4BBF208C293B779A0064985F /* SharedArticlesViewController.swift in Sources */ = {isa = PBXBuildFile; fileRef = 4BBF208B293B779A0064985F /* SharedArticlesViewController.swift */; };
		4BBF208E293B77AD0064985F /* EmailedArticlesViewController.swift in Sources */ = {isa = PBXBuildFile; fileRef = 4BBF208D293B77AD0064985F /* EmailedArticlesViewController.swift */; };
		4BBF2090293B7A100064985F /* MostSharedArticlesViewModel.swift in Sources */ = {isa = PBXBuildFile; fileRef = 4BBF208F293B7A100064985F /* MostSharedArticlesViewModel.swift */; };
		4BBF2092293B7A1B0064985F /* MostEmailedArticlesViewModel.swift in Sources */ = {isa = PBXBuildFile; fileRef = 4BBF2091293B7A1B0064985F /* MostEmailedArticlesViewModel.swift */; };
		4BBF2094293B7C780064985F /* FavouriteArticlesViewModel.swift in Sources */ = {isa = PBXBuildFile; fileRef = 4BBF2093293B7C780064985F /* FavouriteArticlesViewModel.swift */; };
		4BBF2096293B84BB0064985F /* Configuring.swift in Sources */ = {isa = PBXBuildFile; fileRef = 4BBF2095293B84BB0064985F /* Configuring.swift */; };
		4BBF2099293B85360064985F /* ArticleCollectionViewCell.swift in Sources */ = {isa = PBXBuildFile; fileRef = 4BBF2098293B85360064985F /* ArticleCollectionViewCell.swift */; };
		4BBF209B293B88180064985F /* MainTabBarViewModel.swift in Sources */ = {isa = PBXBuildFile; fileRef = 4BBF209A293B88180064985F /* MainTabBarViewModel.swift */; };
		4BBF209D293B88240064985F /* MainTabBarViewModelType.swift in Sources */ = {isa = PBXBuildFile; fileRef = 4BBF209C293B88240064985F /* MainTabBarViewModelType.swift */; };
		4BBF209F293B8FF30064985F /* UIViewController + Extension.swift in Sources */ = {isa = PBXBuildFile; fileRef = 4BBF209E293B8FF30064985F /* UIViewController + Extension.swift */; };
		4BBF20A2293B99E70064985F /* UIFont + Extension.swift in Sources */ = {isa = PBXBuildFile; fileRef = 4BBF20A1293B99E70064985F /* UIFont + Extension.swift */; };
		4BD59DCC293F5C02009FDBF6 /* DataStoring.swift in Sources */ = {isa = PBXBuildFile; fileRef = 4BD59DCB293F5C02009FDBF6 /* DataStoring.swift */; };
		4BEB3C62293DF8310071B05D /* UILabel + Extension.swift in Sources */ = {isa = PBXBuildFile; fileRef = 4BEB3C61293DF8310071B05D /* UILabel + Extension.swift */; };
		4BEB3C64293DFAE70071B05D /* StackView + Extension.swift in Sources */ = {isa = PBXBuildFile; fileRef = 4BEB3C63293DFAE70071B05D /* StackView + Extension.swift */; };
		F26B8785E61F96D4D32636E0 /* Pods_VRGArticles.framework in Frameworks */ = {isa = PBXBuildFile; fileRef = A2D904CED9A0B6B02A856376 /* Pods_VRGArticles.framework */; };
/* End PBXBuildFile section */

/* Begin PBXFileReference section */
		121077E2BEB25CCD5E23EA14 /* Pods-VRGArticles.release.xcconfig */ = {isa = PBXFileReference; includeInIndex = 1; lastKnownFileType = text.xcconfig; name = "Pods-VRGArticles.release.xcconfig"; path = "Target Support Files/Pods-VRGArticles/Pods-VRGArticles.release.xcconfig"; sourceTree = "<group>"; };
		4B1D965C2938EAC5004B6B00 /* Response.swift */ = {isa = PBXFileReference; fileEncoding = 4; lastKnownFileType = sourcecode.swift; path = Response.swift; sourceTree = "<group>"; };
		4B1D965D2938EAC5004B6B00 /* Article.swift */ = {isa = PBXFileReference; fileEncoding = 4; lastKnownFileType = sourcecode.swift; path = Article.swift; sourceTree = "<group>"; };
		4B1D965E2938EAC5004B6B00 /* MediaMetadatum.swift */ = {isa = PBXFileReference; fileEncoding = 4; lastKnownFileType = sourcecode.swift; path = MediaMetadatum.swift; sourceTree = "<group>"; };
		4B1D965F2938EAC5004B6B00 /* Media.swift */ = {isa = PBXFileReference; fileEncoding = 4; lastKnownFileType = sourcecode.swift; path = Media.swift; sourceTree = "<group>"; };
		4B44BE3D29393CF600C19594 /* NetworkService.swift */ = {isa = PBXFileReference; lastKnownFileType = sourcecode.swift; path = NetworkService.swift; sourceTree = "<group>"; };
		4B44BE4029393D2100C19594 /* Networking.swift */ = {isa = PBXFileReference; lastKnownFileType = sourcecode.swift; path = Networking.swift; sourceTree = "<group>"; };
		4B44BE46293940B700C19594 /* ArticleType.swift */ = {isa = PBXFileReference; lastKnownFileType = sourcecode.swift; path = ArticleType.swift; sourceTree = "<group>"; };
		4B44BE482939433900C19594 /* Articles-Info.plist */ = {isa = PBXFileReference; lastKnownFileType = text.plist.xml; path = "Articles-Info.plist"; sourceTree = "<group>"; };
		4B44BE4A2939454800C19594 /* Period.swift */ = {isa = PBXFileReference; lastKnownFileType = sourcecode.swift; path = Period.swift; sourceTree = "<group>"; };
		4B44BE4D29394F5A00C19594 /* LaunchScreen.storyboard */ = {isa = PBXFileReference; fileEncoding = 4; lastKnownFileType = file.storyboard; path = LaunchScreen.storyboard; sourceTree = "<group>"; };
		4B44BE522939526700C19594 /* MostViewedArticlesViewModel.swift */ = {isa = PBXFileReference; lastKnownFileType = sourcecode.swift; path = MostViewedArticlesViewModel.swift; sourceTree = "<group>"; };
		4B44BE54293952A200C19594 /* ArticlesViewModelType.swift */ = {isa = PBXFileReference; lastKnownFileType = sourcecode.swift; path = ArticlesViewModelType.swift; sourceTree = "<group>"; };
		4B499B55293F4A61008C8B49 /* VRGArticles.xcdatamodel */ = {isa = PBXFileReference; lastKnownFileType = wrapper.xcdatamodel; path = VRGArticles.xcdatamodel; sourceTree = "<group>"; };
		4B6454392938E9C800DA5B94 /* VRGArticles.app */ = {isa = PBXFileReference; explicitFileType = wrapper.application; includeInIndex = 0; path = VRGArticles.app; sourceTree = BUILT_PRODUCTS_DIR; };
		4B64543C2938E9C800DA5B94 /* AppDelegate.swift */ = {isa = PBXFileReference; lastKnownFileType = sourcecode.swift; path = AppDelegate.swift; sourceTree = "<group>"; };
		4B64543E2938E9C800DA5B94 /* SceneDelegate.swift */ = {isa = PBXFileReference; lastKnownFileType = sourcecode.swift; path = SceneDelegate.swift; sourceTree = "<group>"; };
		4B6454402938E9C800DA5B94 /* ViewedArticlesViewController.swift */ = {isa = PBXFileReference; lastKnownFileType = sourcecode.swift; path = ViewedArticlesViewController.swift; sourceTree = "<group>"; };
		4B6454482938E9CA00DA5B94 /* Assets.xcassets */ = {isa = PBXFileReference; lastKnownFileType = folder.assetcatalog; path = Assets.xcassets; sourceTree = "<group>"; };
		4B64544D2938E9CA00DA5B94 /* Info.plist */ = {isa = PBXFileReference; lastKnownFileType = text.plist.xml; path = Info.plist; sourceTree = "<group>"; };
		4B704DE8293A01920006467F /* Box.swift */ = {isa = PBXFileReference; lastKnownFileType = sourcecode.swift; path = Box.swift; sourceTree = "<group>"; };
		4B704DEA293A07DF0006467F /* FavouritesViewController.swift */ = {isa = PBXFileReference; lastKnownFileType = sourcecode.swift; path = FavouritesViewController.swift; sourceTree = "<group>"; };
		4B704DEC293A07E90006467F /* MainTabBarController.swift */ = {isa = PBXFileReference; lastKnownFileType = sourcecode.swift; path = MainTabBarController.swift; sourceTree = "<group>"; };
		4B704DEE293A112D0006467F /* UIColor + Extension.swift */ = {isa = PBXFileReference; fileEncoding = 4; lastKnownFileType = sourcecode.swift; path = "UIColor + Extension.swift"; sourceTree = "<group>"; };
		4B76FF3E293F60F400BB758D /* ArticleItem+CoreDataClass.swift */ = {isa = PBXFileReference; lastKnownFileType = sourcecode.swift; path = "ArticleItem+CoreDataClass.swift"; sourceTree = "<group>"; };
		4B76FF3F293F60F400BB758D /* ArticleItem+CoreDataProperties.swift */ = {isa = PBXFileReference; lastKnownFileType = sourcecode.swift; path = "ArticleItem+CoreDataProperties.swift"; sourceTree = "<group>"; };
		4B828A34293E0537009B8C5D /* InfoView.swift */ = {isa = PBXFileReference; lastKnownFileType = sourcecode.swift; path = InfoView.swift; sourceTree = "<group>"; };
		4B828A36293E0E56009B8C5D /* ArticleDetailsViewModelType.swift */ = {isa = PBXFileReference; lastKnownFileType = sourcecode.swift; path = ArticleDetailsViewModelType.swift; sourceTree = "<group>"; };
		4B828A38293E0EA6009B8C5D /* ArticleDetailsViewModel.swift */ = {isa = PBXFileReference; lastKnownFileType = sourcecode.swift; path = ArticleDetailsViewModel.swift; sourceTree = "<group>"; };
		4B828A3A293E1278009B8C5D /* UIImageView + Extension.swift */ = {isa = PBXFileReference; lastKnownFileType = sourcecode.swift; path = "UIImageView + Extension.swift"; sourceTree = "<group>"; };
		4B828A3C293E18D3009B8C5D /* CoreDataService.swift */ = {isa = PBXFileReference; lastKnownFileType = sourcecode.swift; path = CoreDataService.swift; sourceTree = "<group>"; };
		4B828A4D293E25EA009B8C5D /* CoreDataError.swift */ = {isa = PBXFileReference; lastKnownFileType = sourcecode.swift; path = CoreDataError.swift; sourceTree = "<group>"; };
		4B82BFC5293CF23900479D58 /* ArticleDetailsViewController.swift */ = {isa = PBXFileReference; lastKnownFileType = sourcecode.swift; path = ArticleDetailsViewController.swift; sourceTree = "<group>"; };
		4BBF208B293B779A0064985F /* SharedArticlesViewController.swift */ = {isa = PBXFileReference; lastKnownFileType = sourcecode.swift; path = SharedArticlesViewController.swift; sourceTree = "<group>"; };
		4BBF208D293B77AD0064985F /* EmailedArticlesViewController.swift */ = {isa = PBXFileReference; lastKnownFileType = sourcecode.swift; path = EmailedArticlesViewController.swift; sourceTree = "<group>"; };
		4BBF208F293B7A100064985F /* MostSharedArticlesViewModel.swift */ = {isa = PBXFileReference; lastKnownFileType = sourcecode.swift; path = MostSharedArticlesViewModel.swift; sourceTree = "<group>"; };
		4BBF2091293B7A1B0064985F /* MostEmailedArticlesViewModel.swift */ = {isa = PBXFileReference; lastKnownFileType = sourcecode.swift; path = MostEmailedArticlesViewModel.swift; sourceTree = "<group>"; };
		4BBF2093293B7C780064985F /* FavouriteArticlesViewModel.swift */ = {isa = PBXFileReference; lastKnownFileType = sourcecode.swift; path = FavouriteArticlesViewModel.swift; sourceTree = "<group>"; };
		4BBF2095293B84BB0064985F /* Configuring.swift */ = {isa = PBXFileReference; lastKnownFileType = sourcecode.swift; path = Configuring.swift; sourceTree = "<group>"; };
		4BBF2098293B85360064985F /* ArticleCollectionViewCell.swift */ = {isa = PBXFileReference; lastKnownFileType = sourcecode.swift; path = ArticleCollectionViewCell.swift; sourceTree = "<group>"; };
		4BBF209A293B88180064985F /* MainTabBarViewModel.swift */ = {isa = PBXFileReference; lastKnownFileType = sourcecode.swift; path = MainTabBarViewModel.swift; sourceTree = "<group>"; };
		4BBF209C293B88240064985F /* MainTabBarViewModelType.swift */ = {isa = PBXFileReference; lastKnownFileType = sourcecode.swift; path = MainTabBarViewModelType.swift; sourceTree = "<group>"; };
		4BBF209E293B8FF30064985F /* UIViewController + Extension.swift */ = {isa = PBXFileReference; lastKnownFileType = sourcecode.swift; path = "UIViewController + Extension.swift"; sourceTree = "<group>"; };
		4BBF20A1293B99E70064985F /* UIFont + Extension.swift */ = {isa = PBXFileReference; fileEncoding = 4; lastKnownFileType = sourcecode.swift; path = "UIFont + Extension.swift"; sourceTree = "<group>"; };
		4BD59DCB293F5C02009FDBF6 /* DataStoring.swift */ = {isa = PBXFileReference; lastKnownFileType = sourcecode.swift; path = DataStoring.swift; sourceTree = "<group>"; };
		4BEB3C61293DF8310071B05D /* UILabel + Extension.swift */ = {isa = PBXFileReference; fileEncoding = 4; lastKnownFileType = sourcecode.swift; path = "UILabel + Extension.swift"; sourceTree = "<group>"; };
		4BEB3C63293DFAE70071B05D /* StackView + Extension.swift */ = {isa = PBXFileReference; fileEncoding = 4; lastKnownFileType = sourcecode.swift; path = "StackView + Extension.swift"; sourceTree = "<group>"; };
		694F7D231F866EEED0D035BF /* Pods-VRGArticles.debug.xcconfig */ = {isa = PBXFileReference; includeInIndex = 1; lastKnownFileType = text.xcconfig; name = "Pods-VRGArticles.debug.xcconfig"; path = "Target Support Files/Pods-VRGArticles/Pods-VRGArticles.debug.xcconfig"; sourceTree = "<group>"; };
		A2D904CED9A0B6B02A856376 /* Pods_VRGArticles.framework */ = {isa = PBXFileReference; explicitFileType = wrapper.framework; includeInIndex = 0; path = Pods_VRGArticles.framework; sourceTree = BUILT_PRODUCTS_DIR; };
/* End PBXFileReference section */

/* Begin PBXFrameworksBuildPhase section */
		4B6454362938E9C800DA5B94 /* Frameworks */ = {
			isa = PBXFrameworksBuildPhase;
			buildActionMask = 2147483647;
			files = (
				F26B8785E61F96D4D32636E0 /* Pods_VRGArticles.framework in Frameworks */,
			);
			runOnlyForDeploymentPostprocessing = 0;
		};
/* End PBXFrameworksBuildPhase section */

/* Begin PBXGroup section */
		4B1D965A2938EA64004B6B00 /* Model */ = {
			isa = PBXGroup;
			children = (
				4B1D965C2938EAC5004B6B00 /* Response.swift */,
				4B1D965D2938EAC5004B6B00 /* Article.swift */,
				4B1D965F2938EAC5004B6B00 /* Media.swift */,
				4B1D965E2938EAC5004B6B00 /* MediaMetadatum.swift */,
			);
			path = Model;
			sourceTree = "<group>";
		};
		4B44BE3A2939397100C19594 /* App */ = {
			isa = PBXGroup;
			children = (
				4B64543C2938E9C800DA5B94 /* AppDelegate.swift */,
				4B64543E2938E9C800DA5B94 /* SceneDelegate.swift */,
			);
			path = App;
			sourceTree = "<group>";
		};
		4B44BE3B293939AD00C19594 /* Controllers */ = {
			isa = PBXGroup;
			children = (
				4B704DEC293A07E90006467F /* MainTabBarController.swift */,
				4B6454402938E9C800DA5B94 /* ViewedArticlesViewController.swift */,
				4BBF208B293B779A0064985F /* SharedArticlesViewController.swift */,
				4BBF208D293B77AD0064985F /* EmailedArticlesViewController.swift */,
				4B704DEA293A07DF0006467F /* FavouritesViewController.swift */,
				4B82BFC5293CF23900479D58 /* ArticleDetailsViewController.swift */,
				4BBF2097293B85000064985F /* Cells */,
			);
			path = Controllers;
			sourceTree = "<group>";
		};
		4B44BE3C29393CE300C19594 /* Services */ = {
			isa = PBXGroup;
			children = (
				4B44BE3D29393CF600C19594 /* NetworkService.swift */,
				4B828A3C293E18D3009B8C5D /* CoreDataService.swift */,
			);
			path = Services;
			sourceTree = "<group>";
		};
		4B44BE3F29393D1000C19594 /* Protocols */ = {
			isa = PBXGroup;
			children = (
				4B44BE4029393D2100C19594 /* Networking.swift */,
				4BBF209C293B88240064985F /* MainTabBarViewModelType.swift */,
				4B44BE54293952A200C19594 /* ArticlesViewModelType.swift */,
				4BBF2095293B84BB0064985F /* Configuring.swift */,
				4B828A36293E0E56009B8C5D /* ArticleDetailsViewModelType.swift */,
				4BD59DCB293F5C02009FDBF6 /* DataStoring.swift */,
			);
			path = Protocols;
			sourceTree = "<group>";
		};
		4B44BE4229393DC300C19594 /* Extensions */ = {
			isa = PBXGroup;
			children = (
				4BBF20A0293B90010064985F /* UIKit */,
				4B44BE4329393DE200C19594 /* Helpers */,
			);
			path = Extensions;
			sourceTree = "<group>";
		};
		4B44BE4329393DE200C19594 /* Helpers */ = {
			isa = PBXGroup;
			children = (
				4B44BE46293940B700C19594 /* ArticleType.swift */,
				4B44BE4A2939454800C19594 /* Period.swift */,
				4B704DE8293A01920006467F /* Box.swift */,
				4B828A34293E0537009B8C5D /* InfoView.swift */,
				4B828A4D293E25EA009B8C5D /* CoreDataError.swift */,
			);
			path = Helpers;
			sourceTree = "<group>";
		};
		4B44BE4C29394ED200C19594 /* CoreData */ = {
			isa = PBXGroup;
			children = (
				4B828A42293E1D35009B8C5D /* ArticleItem */,
				4B499B54293F4A61008C8B49 /* VRGArticles.xcdatamodeld */,
			);
			path = CoreData;
			sourceTree = "<group>";
		};
		4B44BE4F29394FB900C19594 /* Sources */ = {
			isa = PBXGroup;
			children = (
				4B64544D2938E9CA00DA5B94 /* Info.plist */,
				4B44BE4D29394F5A00C19594 /* LaunchScreen.storyboard */,
				4B6454482938E9CA00DA5B94 /* Assets.xcassets */,
				4B44BE482939433900C19594 /* Articles-Info.plist */,
			);
			path = Sources;
			sourceTree = "<group>";
		};
		4B44BE512939522400C19594 /* View Models */ = {
			isa = PBXGroup;
			children = (
				4BBF209A293B88180064985F /* MainTabBarViewModel.swift */,
				4B44BE522939526700C19594 /* MostViewedArticlesViewModel.swift */,
				4BBF208F293B7A100064985F /* MostSharedArticlesViewModel.swift */,
				4BBF2091293B7A1B0064985F /* MostEmailedArticlesViewModel.swift */,
				4BBF2093293B7C780064985F /* FavouriteArticlesViewModel.swift */,
				4B828A38293E0EA6009B8C5D /* ArticleDetailsViewModel.swift */,
			);
			path = "View Models";
			sourceTree = "<group>";
		};
		4B6454302938E9C800DA5B94 = {
			isa = PBXGroup;
			children = (
				4B64543B2938E9C800DA5B94 /* VRGArticles */,
				4B64543A2938E9C800DA5B94 /* Products */,
				C69B652DB6A8728EAE768FCF /* Pods */,
				BBB14B594F1D55E876284D18 /* Frameworks */,
			);
			sourceTree = "<group>";
		};
		4B64543A2938E9C800DA5B94 /* Products */ = {
			isa = PBXGroup;
			children = (
				4B6454392938E9C800DA5B94 /* VRGArticles.app */,
			);
			name = Products;
			sourceTree = "<group>";
		};
		4B64543B2938E9C800DA5B94 /* VRGArticles */ = {
			isa = PBXGroup;
			children = (
				4B44BE3A2939397100C19594 /* App */,
				4B1D965A2938EA64004B6B00 /* Model */,
				4B44BE3B293939AD00C19594 /* Controllers */,
				4B44BE512939522400C19594 /* View Models */,
				4B44BE3C29393CE300C19594 /* Services */,
				4B44BE4C29394ED200C19594 /* CoreData */,
				4B44BE3F29393D1000C19594 /* Protocols */,
				4B44BE4F29394FB900C19594 /* Sources */,
				4B44BE4229393DC300C19594 /* Extensions */,
			);
			path = VRGArticles;
			sourceTree = "<group>";
		};
		4B828A42293E1D35009B8C5D /* ArticleItem */ = {
			isa = PBXGroup;
			children = (
				4B76FF3E293F60F400BB758D /* ArticleItem+CoreDataClass.swift */,
				4B76FF3F293F60F400BB758D /* ArticleItem+CoreDataProperties.swift */,
			);
			path = ArticleItem;
			sourceTree = "<group>";
		};
		4BBF2097293B85000064985F /* Cells */ = {
			isa = PBXGroup;
			children = (
				4BBF2098293B85360064985F /* ArticleCollectionViewCell.swift */,
			);
			path = Cells;
			sourceTree = "<group>";
		};
		4BBF20A0293B90010064985F /* UIKit */ = {
			isa = PBXGroup;
			children = (
				4BEB3C63293DFAE70071B05D /* StackView + Extension.swift */,
				4BEB3C61293DF8310071B05D /* UILabel + Extension.swift */,
				4BBF20A1293B99E70064985F /* UIFont + Extension.swift */,
				4B704DEE293A112D0006467F /* UIColor + Extension.swift */,
				4BBF209E293B8FF30064985F /* UIViewController + Extension.swift */,
				4B828A3A293E1278009B8C5D /* UIImageView + Extension.swift */,
			);
			path = UIKit;
			sourceTree = "<group>";
		};
		BBB14B594F1D55E876284D18 /* Frameworks */ = {
			isa = PBXGroup;
			children = (
				A2D904CED9A0B6B02A856376 /* Pods_VRGArticles.framework */,
			);
			name = Frameworks;
			sourceTree = "<group>";
		};
		C69B652DB6A8728EAE768FCF /* Pods */ = {
			isa = PBXGroup;
			children = (
				694F7D231F866EEED0D035BF /* Pods-VRGArticles.debug.xcconfig */,
				121077E2BEB25CCD5E23EA14 /* Pods-VRGArticles.release.xcconfig */,
			);
			path = Pods;
			sourceTree = "<group>";
		};
/* End PBXGroup section */

/* Begin PBXNativeTarget section */
		4B6454382938E9C800DA5B94 /* VRGArticles */ = {
			isa = PBXNativeTarget;
			buildConfigurationList = 4B6454502938E9CA00DA5B94 /* Build configuration list for PBXNativeTarget "VRGArticles" */;
			buildPhases = (
				C2605AA0C66F67D252238B8E /* [CP] Check Pods Manifest.lock */,
				4B6454352938E9C800DA5B94 /* Sources */,
				4B6454362938E9C800DA5B94 /* Frameworks */,
				4B6454372938E9C800DA5B94 /* Resources */,
				036FF09FA842D4985D3809E1 /* [CP] Embed Pods Frameworks */,
			);
			buildRules = (
			);
			dependencies = (
			);
			name = VRGArticles;
			productName = VRGArticles;
			productReference = 4B6454392938E9C800DA5B94 /* VRGArticles.app */;
			productType = "com.apple.product-type.application";
		};
/* End PBXNativeTarget section */

/* Begin PBXProject section */
		4B6454312938E9C800DA5B94 /* Project object */ = {
			isa = PBXProject;
			attributes = {
				BuildIndependentTargetsInParallel = 1;
				LastSwiftUpdateCheck = 1400;
				LastUpgradeCheck = 1400;
				TargetAttributes = {
					4B6454382938E9C800DA5B94 = {
						CreatedOnToolsVersion = 14.0.1;
					};
				};
			};
			buildConfigurationList = 4B6454342938E9C800DA5B94 /* Build configuration list for PBXProject "VRGArticles" */;
			compatibilityVersion = "Xcode 14.0";
			developmentRegion = en;
			hasScannedForEncodings = 0;
			knownRegions = (
				en,
				Base,
			);
			mainGroup = 4B6454302938E9C800DA5B94;
			productRefGroup = 4B64543A2938E9C800DA5B94 /* Products */;
			projectDirPath = "";
			projectRoot = "";
			targets = (
				4B6454382938E9C800DA5B94 /* VRGArticles */,
			);
		};
/* End PBXProject section */

/* Begin PBXResourcesBuildPhase section */
		4B6454372938E9C800DA5B94 /* Resources */ = {
			isa = PBXResourcesBuildPhase;
			buildActionMask = 2147483647;
			files = (
				4B44BE4E29394F5A00C19594 /* LaunchScreen.storyboard in Resources */,
				4B44BE492939433900C19594 /* Articles-Info.plist in Resources */,
				4B6454492938E9CA00DA5B94 /* Assets.xcassets in Resources */,
			);
			runOnlyForDeploymentPostprocessing = 0;
		};
/* End PBXResourcesBuildPhase section */

/* Begin PBXShellScriptBuildPhase section */
		036FF09FA842D4985D3809E1 /* [CP] Embed Pods Frameworks */ = {
			isa = PBXShellScriptBuildPhase;
			buildActionMask = 2147483647;
			files = (
			);
			inputFileListPaths = (
				"${PODS_ROOT}/Target Support Files/Pods-VRGArticles/Pods-VRGArticles-frameworks-${CONFIGURATION}-input-files.xcfilelist",
			);
			name = "[CP] Embed Pods Frameworks";
			outputFileListPaths = (
				"${PODS_ROOT}/Target Support Files/Pods-VRGArticles/Pods-VRGArticles-frameworks-${CONFIGURATION}-output-files.xcfilelist",
			);
			runOnlyForDeploymentPostprocessing = 0;
			shellPath = /bin/sh;
			shellScript = "\"${PODS_ROOT}/Target Support Files/Pods-VRGArticles/Pods-VRGArticles-frameworks.sh\"\n";
			showEnvVarsInLog = 0;
		};
		C2605AA0C66F67D252238B8E /* [CP] Check Pods Manifest.lock */ = {
			isa = PBXShellScriptBuildPhase;
			buildActionMask = 2147483647;
			files = (
			);
			inputFileListPaths = (
			);
			inputPaths = (
				"${PODS_PODFILE_DIR_PATH}/Podfile.lock",
				"${PODS_ROOT}/Manifest.lock",
			);
			name = "[CP] Check Pods Manifest.lock";
			outputFileListPaths = (
			);
			outputPaths = (
				"$(DERIVED_FILE_DIR)/Pods-VRGArticles-checkManifestLockResult.txt",
			);
			runOnlyForDeploymentPostprocessing = 0;
			shellPath = /bin/sh;
			shellScript = "diff \"${PODS_PODFILE_DIR_PATH}/Podfile.lock\" \"${PODS_ROOT}/Manifest.lock\" > /dev/null\nif [ $? != 0 ] ; then\n    # print error to STDERR\n    echo \"error: The sandbox is not in sync with the Podfile.lock. Run 'pod install' or update your CocoaPods installation.\" >&2\n    exit 1\nfi\n# This output is used by Xcode 'outputs' to avoid re-running this script phase.\necho \"SUCCESS\" > \"${SCRIPT_OUTPUT_FILE_0}\"\n";
			showEnvVarsInLog = 0;
		};
/* End PBXShellScriptBuildPhase section */

/* Begin PBXSourcesBuildPhase section */
		4B6454352938E9C800DA5B94 /* Sources */ = {
			isa = PBXSourcesBuildPhase;
			buildActionMask = 2147483647;
			files = (
				4B828A3B293E1278009B8C5D /* UIImageView + Extension.swift in Sources */,
				4B828A37293E0E56009B8C5D /* ArticleDetailsViewModelType.swift in Sources */,
				4BBF208E293B77AD0064985F /* EmailedArticlesViewController.swift in Sources */,
				4B76FF41293F60F400BB758D /* ArticleItem+CoreDataProperties.swift in Sources */,
				4B828A35293E0537009B8C5D /* InfoView.swift in Sources */,
				4B704DEB293A07DF0006467F /* FavouritesViewController.swift in Sources */,
				4BBF2090293B7A100064985F /* MostSharedArticlesViewModel.swift in Sources */,
				4B704DED293A07E90006467F /* MainTabBarController.swift in Sources */,
				4BBF209D293B88240064985F /* MainTabBarViewModelType.swift in Sources */,
				4BD59DCC293F5C02009FDBF6 /* DataStoring.swift in Sources */,
				4B6454412938E9C800DA5B94 /* ViewedArticlesViewController.swift in Sources */,
				4BBF209B293B88180064985F /* MainTabBarViewModel.swift in Sources */,
				4BBF2094293B7C780064985F /* FavouriteArticlesViewModel.swift in Sources */,
				4B44BE47293940B700C19594 /* ArticleType.swift in Sources */,
				4B44BE4129393D2100C19594 /* Networking.swift in Sources */,
				4BBF209F293B8FF30064985F /* UIViewController + Extension.swift in Sources */,
				4B44BE55293952A200C19594 /* ArticlesViewModelType.swift in Sources */,
				4B1D96622938EAC5004B6B00 /* MediaMetadatum.swift in Sources */,
				4B76FF40293F60F400BB758D /* ArticleItem+CoreDataClass.swift in Sources */,
				4B64543D2938E9C800DA5B94 /* AppDelegate.swift in Sources */,
				4B82BFC6293CF23900479D58 /* ArticleDetailsViewController.swift in Sources */,
				4BEB3C64293DFAE70071B05D /* StackView + Extension.swift in Sources */,
				4BEB3C62293DF8310071B05D /* UILabel + Extension.swift in Sources */,
				4BBF2092293B7A1B0064985F /* MostEmailedArticlesViewModel.swift in Sources */,
				4B499B56293F4A61008C8B49 /* VRGArticles.xcdatamodeld in Sources */,
				4BBF2099293B85360064985F /* ArticleCollectionViewCell.swift in Sources */,
				4B828A39293E0EA6009B8C5D /* ArticleDetailsViewModel.swift in Sources */,
				4BBF2096293B84BB0064985F /* Configuring.swift in Sources */,
				4B44BE532939526700C19594 /* MostViewedArticlesViewModel.swift in Sources */,
				4B704DEF293A112D0006467F /* UIColor + Extension.swift in Sources */,
				4B1D96612938EAC5004B6B00 /* Article.swift in Sources */,
				4B44BE3E29393CF600C19594 /* NetworkService.swift in Sources */,
				4B828A3D293E18D3009B8C5D /* CoreDataService.swift in Sources */,
				4BBF20A2293B99E70064985F /* UIFont + Extension.swift in Sources */,
				4B64543F2938E9C800DA5B94 /* SceneDelegate.swift in Sources */,
				4B1D96632938EAC5004B6B00 /* Media.swift in Sources */,
				4B828A4E293E25EA009B8C5D /* CoreDataError.swift in Sources */,
				4B704DE9293A01920006467F /* Box.swift in Sources */,
				4BBF208C293B779A0064985F /* SharedArticlesViewController.swift in Sources */,
				4B44BE4B2939454800C19594 /* Period.swift in Sources */,
				4B1D96602938EAC5004B6B00 /* Response.swift in Sources */,
			);
			runOnlyForDeploymentPostprocessing = 0;
		};
/* End PBXSourcesBuildPhase section */

/* Begin XCBuildConfiguration section */
		4B64544E2938E9CA00DA5B94 /* Debug */ = {
			isa = XCBuildConfiguration;
			buildSettings = {
				ALWAYS_SEARCH_USER_PATHS = NO;
				CLANG_ANALYZER_NONNULL = YES;
				CLANG_ANALYZER_NUMBER_OBJECT_CONVERSION = YES_AGGRESSIVE;
				CLANG_CXX_LANGUAGE_STANDARD = "gnu++20";
				CLANG_ENABLE_MODULES = YES;
				CLANG_ENABLE_OBJC_ARC = YES;
				CLANG_ENABLE_OBJC_WEAK = YES;
				CLANG_WARN_BLOCK_CAPTURE_AUTORELEASING = YES;
				CLANG_WARN_BOOL_CONVERSION = YES;
				CLANG_WARN_COMMA = YES;
				CLANG_WARN_CONSTANT_CONVERSION = YES;
				CLANG_WARN_DEPRECATED_OBJC_IMPLEMENTATIONS = YES;
				CLANG_WARN_DIRECT_OBJC_ISA_USAGE = YES_ERROR;
				CLANG_WARN_DOCUMENTATION_COMMENTS = YES;
				CLANG_WARN_EMPTY_BODY = YES;
				CLANG_WARN_ENUM_CONVERSION = YES;
				CLANG_WARN_INFINITE_RECURSION = YES;
				CLANG_WARN_INT_CONVERSION = YES;
				CLANG_WARN_NON_LITERAL_NULL_CONVERSION = YES;
				CLANG_WARN_OBJC_IMPLICIT_RETAIN_SELF = YES;
				CLANG_WARN_OBJC_LITERAL_CONVERSION = YES;
				CLANG_WARN_OBJC_ROOT_CLASS = YES_ERROR;
				CLANG_WARN_QUOTED_INCLUDE_IN_FRAMEWORK_HEADER = YES;
				CLANG_WARN_RANGE_LOOP_ANALYSIS = YES;
				CLANG_WARN_STRICT_PROTOTYPES = YES;
				CLANG_WARN_SUSPICIOUS_MOVE = YES;
				CLANG_WARN_UNGUARDED_AVAILABILITY = YES_AGGRESSIVE;
				CLANG_WARN_UNREACHABLE_CODE = YES;
				CLANG_WARN__DUPLICATE_METHOD_MATCH = YES;
				COPY_PHASE_STRIP = NO;
				DEBUG_INFORMATION_FORMAT = dwarf;
				ENABLE_STRICT_OBJC_MSGSEND = YES;
				ENABLE_TESTABILITY = YES;
				GCC_C_LANGUAGE_STANDARD = gnu11;
				GCC_DYNAMIC_NO_PIC = NO;
				GCC_NO_COMMON_BLOCKS = YES;
				GCC_OPTIMIZATION_LEVEL = 0;
				GCC_PREPROCESSOR_DEFINITIONS = (
					"DEBUG=1",
					"$(inherited)",
				);
				GCC_WARN_64_TO_32_BIT_CONVERSION = YES;
				GCC_WARN_ABOUT_RETURN_TYPE = YES_ERROR;
				GCC_WARN_UNDECLARED_SELECTOR = YES;
				GCC_WARN_UNINITIALIZED_AUTOS = YES_AGGRESSIVE;
				GCC_WARN_UNUSED_FUNCTION = YES;
				GCC_WARN_UNUSED_VARIABLE = YES;
				IPHONEOS_DEPLOYMENT_TARGET = 16.0;
				MTL_ENABLE_DEBUG_INFO = INCLUDE_SOURCE;
				MTL_FAST_MATH = YES;
				ONLY_ACTIVE_ARCH = YES;
				SDKROOT = iphoneos;
				SWIFT_ACTIVE_COMPILATION_CONDITIONS = DEBUG;
				SWIFT_OPTIMIZATION_LEVEL = "-Onone";
			};
			name = Debug;
		};
		4B64544F2938E9CA00DA5B94 /* Release */ = {
			isa = XCBuildConfiguration;
			buildSettings = {
				ALWAYS_SEARCH_USER_PATHS = NO;
				CLANG_ANALYZER_NONNULL = YES;
				CLANG_ANALYZER_NUMBER_OBJECT_CONVERSION = YES_AGGRESSIVE;
				CLANG_CXX_LANGUAGE_STANDARD = "gnu++20";
				CLANG_ENABLE_MODULES = YES;
				CLANG_ENABLE_OBJC_ARC = YES;
				CLANG_ENABLE_OBJC_WEAK = YES;
				CLANG_WARN_BLOCK_CAPTURE_AUTORELEASING = YES;
				CLANG_WARN_BOOL_CONVERSION = YES;
				CLANG_WARN_COMMA = YES;
				CLANG_WARN_CONSTANT_CONVERSION = YES;
				CLANG_WARN_DEPRECATED_OBJC_IMPLEMENTATIONS = YES;
				CLANG_WARN_DIRECT_OBJC_ISA_USAGE = YES_ERROR;
				CLANG_WARN_DOCUMENTATION_COMMENTS = YES;
				CLANG_WARN_EMPTY_BODY = YES;
				CLANG_WARN_ENUM_CONVERSION = YES;
				CLANG_WARN_INFINITE_RECURSION = YES;
				CLANG_WARN_INT_CONVERSION = YES;
				CLANG_WARN_NON_LITERAL_NULL_CONVERSION = YES;
				CLANG_WARN_OBJC_IMPLICIT_RETAIN_SELF = YES;
				CLANG_WARN_OBJC_LITERAL_CONVERSION = YES;
				CLANG_WARN_OBJC_ROOT_CLASS = YES_ERROR;
				CLANG_WARN_QUOTED_INCLUDE_IN_FRAMEWORK_HEADER = YES;
				CLANG_WARN_RANGE_LOOP_ANALYSIS = YES;
				CLANG_WARN_STRICT_PROTOTYPES = YES;
				CLANG_WARN_SUSPICIOUS_MOVE = YES;
				CLANG_WARN_UNGUARDED_AVAILABILITY = YES_AGGRESSIVE;
				CLANG_WARN_UNREACHABLE_CODE = YES;
				CLANG_WARN__DUPLICATE_METHOD_MATCH = YES;
				COPY_PHASE_STRIP = NO;
				DEBUG_INFORMATION_FORMAT = "dwarf-with-dsym";
				ENABLE_NS_ASSERTIONS = NO;
				ENABLE_STRICT_OBJC_MSGSEND = YES;
				GCC_C_LANGUAGE_STANDARD = gnu11;
				GCC_NO_COMMON_BLOCKS = YES;
				GCC_WARN_64_TO_32_BIT_CONVERSION = YES;
				GCC_WARN_ABOUT_RETURN_TYPE = YES_ERROR;
				GCC_WARN_UNDECLARED_SELECTOR = YES;
				GCC_WARN_UNINITIALIZED_AUTOS = YES_AGGRESSIVE;
				GCC_WARN_UNUSED_FUNCTION = YES;
				GCC_WARN_UNUSED_VARIABLE = YES;
				IPHONEOS_DEPLOYMENT_TARGET = 16.0;
				MTL_ENABLE_DEBUG_INFO = NO;
				MTL_FAST_MATH = YES;
				SDKROOT = iphoneos;
				SWIFT_COMPILATION_MODE = wholemodule;
				SWIFT_OPTIMIZATION_LEVEL = "-O";
				VALIDATE_PRODUCT = YES;
			};
			name = Release;
		};
		4B6454512938E9CA00DA5B94 /* Debug */ = {
			isa = XCBuildConfiguration;
			baseConfigurationReference = 694F7D231F866EEED0D035BF /* Pods-VRGArticles.debug.xcconfig */;
			buildSettings = {
				ASSETCATALOG_COMPILER_APPICON_NAME = AppIcon;
				ASSETCATALOG_COMPILER_GLOBAL_ACCENT_COLOR_NAME = AccentColor;
				CODE_SIGN_STYLE = Automatic;
				CURRENT_PROJECT_VERSION = 1;
				DEVELOPMENT_TEAM = 57Y8KDNB9P;
				GENERATE_INFOPLIST_FILE = YES;
				INFOPLIST_FILE = VRGArticles/Sources/Info.plist;
				INFOPLIST_KEY_UIApplicationSupportsIndirectInputEvents = YES;
				INFOPLIST_KEY_UILaunchStoryboardName = LaunchScreen;
				INFOPLIST_KEY_UIMainStoryboardFile = "";
				INFOPLIST_KEY_UISupportedInterfaceOrientations_iPad = "UIInterfaceOrientationPortrait UIInterfaceOrientationPortraitUpsideDown UIInterfaceOrientationLandscapeLeft UIInterfaceOrientationLandscapeRight";
				INFOPLIST_KEY_UISupportedInterfaceOrientations_iPhone = "UIInterfaceOrientationPortrait UIInterfaceOrientationLandscapeLeft UIInterfaceOrientationLandscapeRight";
				LD_RUNPATH_SEARCH_PATHS = (
					"$(inherited)",
					"@executable_path/Frameworks",
				);
				MARKETING_VERSION = 1.0;
				PRODUCT_BUNDLE_IDENTIFIER = evgenii.levchenko.VRGArticles;
				PRODUCT_NAME = "$(TARGET_NAME)";
				SWIFT_EMIT_LOC_STRINGS = YES;
				SWIFT_VERSION = 5.0;
				TARGETED_DEVICE_FAMILY = "1,2";
			};
			name = Debug;
		};
		4B6454522938E9CA00DA5B94 /* Release */ = {
			isa = XCBuildConfiguration;
			baseConfigurationReference = 121077E2BEB25CCD5E23EA14 /* Pods-VRGArticles.release.xcconfig */;
			buildSettings = {
				ASSETCATALOG_COMPILER_APPICON_NAME = AppIcon;
				ASSETCATALOG_COMPILER_GLOBAL_ACCENT_COLOR_NAME = AccentColor;
				CODE_SIGN_STYLE = Automatic;
				CURRENT_PROJECT_VERSION = 1;
				DEVELOPMENT_TEAM = 57Y8KDNB9P;
				GENERATE_INFOPLIST_FILE = YES;
				INFOPLIST_FILE = VRGArticles/Sources/Info.plist;
				INFOPLIST_KEY_UIApplicationSupportsIndirectInputEvents = YES;
				INFOPLIST_KEY_UILaunchStoryboardName = LaunchScreen;
				INFOPLIST_KEY_UIMainStoryboardFile = "";
				INFOPLIST_KEY_UISupportedInterfaceOrientations_iPad = "UIInterfaceOrientationPortrait UIInterfaceOrientationPortraitUpsideDown UIInterfaceOrientationLandscapeLeft UIInterfaceOrientationLandscapeRight";
				INFOPLIST_KEY_UISupportedInterfaceOrientations_iPhone = "UIInterfaceOrientationPortrait UIInterfaceOrientationLandscapeLeft UIInterfaceOrientationLandscapeRight";
				LD_RUNPATH_SEARCH_PATHS = (
					"$(inherited)",
					"@executable_path/Frameworks",
				);
				MARKETING_VERSION = 1.0;
				PRODUCT_BUNDLE_IDENTIFIER = evgenii.levchenko.VRGArticles;
				PRODUCT_NAME = "$(TARGET_NAME)";
				SWIFT_EMIT_LOC_STRINGS = YES;
				SWIFT_VERSION = 5.0;
				TARGETED_DEVICE_FAMILY = "1,2";
			};
			name = Release;
		};
/* End XCBuildConfiguration section */

/* Begin XCConfigurationList section */
		4B6454342938E9C800DA5B94 /* Build configuration list for PBXProject "VRGArticles" */ = {
			isa = XCConfigurationList;
			buildConfigurations = (
				4B64544E2938E9CA00DA5B94 /* Debug */,
				4B64544F2938E9CA00DA5B94 /* Release */,
			);
			defaultConfigurationIsVisible = 0;
			defaultConfigurationName = Release;
		};
		4B6454502938E9CA00DA5B94 /* Build configuration list for PBXNativeTarget "VRGArticles" */ = {
			isa = XCConfigurationList;
			buildConfigurations = (
				4B6454512938E9CA00DA5B94 /* Debug */,
				4B6454522938E9CA00DA5B94 /* Release */,
			);
			defaultConfigurationIsVisible = 0;
			defaultConfigurationName = Release;
		};
/* End XCConfigurationList section */

/* Begin XCVersionGroup section */
		4B499B54293F4A61008C8B49 /* VRGArticles.xcdatamodeld */ = {
			isa = XCVersionGroup;
			children = (
				4B499B55293F4A61008C8B49 /* VRGArticles.xcdatamodel */,
			);
			currentVersion = 4B499B55293F4A61008C8B49 /* VRGArticles.xcdatamodel */;
			path = VRGArticles.xcdatamodeld;
			sourceTree = "<group>";
			versionGroupType = wrapper.xcdatamodel;
		};
/* End XCVersionGroup section */
	};
	rootObject = 4B6454312938E9C800DA5B94 /* Project object */;
}
